<?xml version="1.0" encoding="utf-8"?>
<Project ToolsVersion="4.0" xmlns="http://schemas.microsoft.com/developer/msbuild/2003">
  <ItemGroup>
    <ClInclude Include="BoltEngine.h" />
    <ClInclude Include="BoltConfigurationMacros.h">
      <Filter>Common</Filter>
    </ClInclude>
    <ClInclude Include="BoltUtilityMacros.h">
      <Filter>Common</Filter>
    </ClInclude>
    <ClInclude Include="IUnCopyable.h">
      <Filter>Utility</Filter>
    </ClInclude>
    <ClInclude Include="CException.h">
      <Filter>Exception</Filter>
    </ClInclude>
    <ClInclude Include="ISingleton.h">
      <Filter>Utility</Filter>
    </ClInclude>
    <ClInclude Include="CDynamicLib.h">
      <Filter>Plugin</Filter>
    </ClInclude>
    <ClInclude Include="IPlugin.h">
      <Filter>Plugin</Filter>
    </ClInclude>
    <ClInclude Include="CVersion.h">
      <Filter>Utility</Filter>
    </ClInclude>
    <ClInclude Include="IRendererPlugin.h">
      <Filter>Plugin</Filter>
    </ClInclude>
    <ClInclude Include="IRenderer.h">
      <Filter>Renderer</Filter>
    </ClInclude>
    <ClInclude Include="IWindow.h">
      <Filter>Renderer</Filter>
    </ClInclude>
    <ClInclude Include="CBoltEngine.h">
      <Filter>Common</Filter>
    </ClInclude>
    <ClInclude Include="IWindowPlugin.h">
      <Filter>Plugin</Filter>
    </ClInclude>
    <ClInclude Include="CWindowManager.h">
      <Filter>Manager</Filter>
    </ClInclude>
    <ClInclude Include="CPluginManager.h">
      <Filter>Manager</Filter>
    </ClInclude>
    <ClInclude Include="CEventHandler.h">
      <Filter>Event</Filter>
    </ClInclude>
    <ClInclude Include="CRendererManager.h">
      <Filter>Manager</Filter>
    </ClInclude>
    <ClInclude Include="STL.h">
      <Filter>Common</Filter>
    </ClInclude>
    <ClInclude Include="CColor.h">
      <Filter>Utility</Filter>
    </ClInclude>
    <ClInclude Include="CManagerBase.h">
      <Filter>Manager</Filter>
    </ClInclude>
    <ClInclude Include="CSceneManager.h">
      <Filter>Manager</Filter>
    </ClInclude>
    <ClInclude Include="IScene.h">
      <Filter>Renderer</Filter>
    </ClInclude>
    <ClInclude Include="CLog.h">
      <Filter>Log</Filter>
    </ClInclude>
  </ItemGroup>
  <ItemGroup>
    <Filter Include="Common">
      <UniqueIdentifier>{110d8b19-a8cd-4ab5-9f7e-b2ea9eadb6c4}</UniqueIdentifier>
    </Filter>
    <Filter Include="Utility">
      <UniqueIdentifier>{15eae013-1b5b-4080-9801-d2cf2ea1436d}</UniqueIdentifier>
    </Filter>
    <Filter Include="Exception">
      <UniqueIdentifier>{df125331-0d28-451b-8948-580119e02e44}</UniqueIdentifier>
    </Filter>
    <Filter Include="Plugin">
      <UniqueIdentifier>{eb6bd8b9-6ac5-4500-8406-022268599354}</UniqueIdentifier>
    </Filter>
    <Filter Include="Renderer">
      <UniqueIdentifier>{e29a6513-11fa-4ac4-9c17-6dfd23afec07}</UniqueIdentifier>
    </Filter>
    <Filter Include="Manager">
      <UniqueIdentifier>{11b01f9b-0242-4f98-b7d0-6e33049b2798}</UniqueIdentifier>
    </Filter>
    <Filter Include="Event">
      <UniqueIdentifier>{d5427caf-a19c-496a-b93b-557ef5142ac9}</UniqueIdentifier>
    </Filter>
    <Filter Include="Log">
      <UniqueIdentifier>{484d3e76-0c41-4833-9b76-87d840af2d9d}</UniqueIdentifier>
    </Filter>
  </ItemGroup>
  <ItemGroup>
    <None Include="ExceptionCodes.enum">
      <Filter>Exception</Filter>
    </None>
    <None Include="LogCodes.enum">
      <Filter>Log</Filter>
    </None>
  </ItemGroup>
  <ItemGroup>
    <ClCompile Include="CException.cpp">
      <Filter>Exception</Filter>
    </ClCompile>
    <ClCompile Include="CDynamicLib.cpp">
      <Filter>Plugin</Filter>
    </ClCompile>
    <ClCompile Include="CVersion.cpp">
      <Filter>Utility</Filter>
    </ClCompile>
    <ClCompile Include="IPlugin.cpp">
      <Filter>Plugin</Filter>
    </ClCompile>
    <ClCompile Include="CBoltEngine.cpp">
      <Filter>Common</Filter>
    </ClCompile>
    <ClCompile Include="IRendererPlugin.cpp">
      <Filter>Plugin</Filter>
    </ClCompile>
    <ClCompile Include="IWindowPlugin.cpp">
      <Filter>Plugin</Filter>
    </ClCompile>
    <ClCompile Include="IWindow.cpp">
      <Filter>Renderer</Filter>
    </ClCompile>
    <ClCompile Include="CWindowManager.cpp">
      <Filter>Manager</Filter>
    </ClCompile>
    <ClCompile Include="CPluginManager.cpp">
      <Filter>Manager</Filter>
    </ClCompile>
    <ClCompile Include="CRendererManager.cpp">
      <Filter>Manager</Filter>
    </ClCompile>
    <ClCompile Include="IRenderer.cpp">
      <Filter>Renderer</Filter>
    </ClCompile>
    <ClCompile Include="CColor.cpp">
      <Filter>Utility</Filter>
    </ClCompile>
    <ClCompile Include="CSceneManager.cpp">
      <Filter>Manager</Filter>
    </ClCompile>
    <ClCompile Include="CLog.cpp">
      <Filter>Log</Filter>
    </ClCompile>
  </ItemGroup>
</Project>