<?xml version="1.0" encoding="utf-8"?>
<Project ToolsVersion="4.0" xmlns="http://schemas.microsoft.com/developer/msbuild/2003">
  <ItemGroup>
    <Filter Include="Renderer">
      <UniqueIdentifier>{e81f2682-4c64-447e-a245-20fca58a4080}</UniqueIdentifier>
    </Filter>
    <Filter Include="Main">
      <UniqueIdentifier>{081bd531-058e-4d97-98f3-d3b7f89ead05}</UniqueIdentifier>
    </Filter>
  </ItemGroup>
  <ItemGroup>
    <ClInclude Include="CD2D1Renderer.h">
      <Filter>Renderer</Filter>
    </ClInclude>
    <ClInclude Include="CD2D1RendererPlugin.h">
      <Filter>Main</Filter>
    </ClInclude>
    <ClInclude Include="CD2D1Text.h">
      <Filter>Renderer</Filter>
    </ClInclude>
    <ClInclude Include="CD2D1Texture.h">
      <Filter>Renderer</Filter>
    </ClInclude>
  </ItemGroup>
  <ItemGroup>
    <ClCompile Include="CD2D1Renderer.cpp">
      <Filter>Renderer</Filter>
    </ClCompile>
    <ClCompile Include="BoltD2D1RendererMain.cpp">
      <Filter>Main</Filter>
    </ClCompile>
    <ClCompile Include="CD2D1RendererPlugin.cpp">
      <Filter>Main</Filter>
    </ClCompile>
    <ClCompile Include="CD2D1Text.cpp">
      <Filter>Renderer</Filter>
    </ClCompile>
    <ClCompile Include="CD2D1Texture.cpp">
      <Filter>Renderer</Filter>
    </ClCompile>
  </ItemGroup>
</Project>